
Microsoft Visual Studio Solution File, Format Version 12.00
# Visual Studio Version 16
VisualStudioVersion = 16.0.31702.278
MinimumVisualStudioVersion = 10.0.40219.1
Project("{9A19103F-16F7-4668-BE54-9A1E7A4F7556}") = "TechnicHub", "TechnicHub\TechnicHub.csproj", "{88F60529-D950-4222-8BB2-0FD438D03D25}"
EndProject
Global
	GlobalSection(SolutionConfigurationPlatforms) = preSolution
		Debug|Any CPU = Debug|Any CPU
		Release|Any CPU = Release|Any CPU
	EndGlobalSection
	GlobalSection(ProjectConfigurationPlatforms) = postSolution
		{88F60529-D950-4222-8BB2-0FD438D03D25}.Debug|Any CPU.ActiveCfg = Debug|Any CPU
		{88F60529-D950-4222-8BB2-0FD438D03D25}.Debug|Any CPU.Build.0 = Debug|Any CPU
		{88F60529-D950-4222-8BB2-0FD438D03D25}.Release|Any CPU.ActiveCfg = Release|Any CPU
		{88F60529-D950-4222-8BB2-0FD438D03D25}.Release|Any CPU.Build.0 = Release|Any CPU
	EndGlobalSection
	GlobalSection(SolutionProperties) = preSolution
		HideSolutionNode = FALSE
	EndGlobalSection
	GlobalSection(ExtensibilityGlobals) = postSolution
		SolutionGuid = {97AC5AED-2477-45A7-B1E2-D40E06A3F321}
	EndGlobalSection
EndGlobal
